# This file is automatically @generated by Cargo.
# It is not intended for manual editing.
version = 3

[[package]]
name = "san_vm"
version = "0.1.0"

[[package]]
name = "sanscript_common"
version = "0.1.0"

[[package]]
name = "sanscript_frontend"
version = "0.1.0"
dependencies = [
 "sanscript_common",
]
